
Microsoft Visual Studio Solution File, Format Version 12.00
# Visual Studio Version 16
VisualStudioVersion = 16.0.30503.244
MinimumVisualStudioVersion = 10.0.40219.1
Project("{888888A0-9F3D-457C-B088-3A5042F75D52}") = "PythonApplication14_", "PythonApplication14_.pyproj", "{E909EEF0-5447-443D-A3BB-D3882DD738BC}"
EndProject
Global
	GlobalSection(SolutionConfigurationPlatforms) = preSolution
		Debug|Any CPU = Debug|Any CPU
		Release|Any CPU = Release|Any CPU
	EndGlobalSection
	GlobalSection(ProjectConfigurationPlatforms) = postSolution
		{E909EEF0-5447-443D-A3BB-D3882DD738BC}.Debug|Any CPU.ActiveCfg = Debug|Any CPU
		{E909EEF0-5447-443D-A3BB-D3882DD738BC}.Release|Any CPU.ActiveCfg = Release|Any CPU
	EndGlobalSection
	GlobalSection(SolutionProperties) = preSolution
		HideSolutionNode = FALSE
	EndGlobalSection
	GlobalSection(ExtensibilityGlobals) = postSolution
		SolutionGuid = {0A0E3D9A-AA2A-4CE4-9A5B-81839F5CE96E}
	EndGlobalSection
EndGlobal
